{
  "name": "claude-tradingview-mcp-trading",
  "version": "2.0.0",
  "lockfileVersion": 3,
  "requires": true,
  "packages": {
    "": {
      "name": "claude-tradingview-mcp-trading",
      "version": "2.0.0",
      "dependencies": {
        "ccxt": "^4.3.0"
      },
      "engines": {
        "node": ">=18.0.0"
      }
    },
    "node_modules/ccxt": {
      "version": "4.5.50",
      "resolved": "https://registry.npmjs.org/ccxt/-/ccxt-4.5.50.tgz",
      "integrity": "sha512-7xI1QeVtW+jgikRrzGJd4qhc7X0heWrH2Z+gWOJuj9N5fqn0ub7p0ZeUj3KWOPF/MO/hRFdNZX91xuEt4Alxjg==",
      "hasInstallScript": true,
      "dependencies": {
        "ws": "^8.8.1"
      },
      "engines": {
        "node": ">=15.0.0"
      }
    },
    "node_modules/ws": {
      "version": "8.20.0",
      "resolved": "https://registry.npmjs.org/ws/-/ws-8.20.0.tgz",
      "integrity": "sha512-sAt8BhgNbzCtgGbt2OxmpuryO63ZoDk/sqaB/znQm94T4fCEsy/yV+7CdC1kJhOU9lboAEU7R3kquuycDoibVA==",
      "engines": {
        "node": ">=10.0.0"
      },
      "peerDependencies": {
        "bufferutil": "^4.0.1",
        "utf-8-validate": ">=5.0.2"
      },
      "peerDependenciesMeta": {
        "bufferutil": {
          "optional": true
        },
        "utf-8-validate": {
          "optional": true
        }
      }
    }
  }
}
